
Microsoft Visual Studio Solution File, Format Version 12.00
Project("{FAE04EC0-301F-11D3-BF4B-00C04F79EFBC}") = "SongSort", "SongSort\SongSort.csproj", "{A83230F7-E1F4-454B-8CAD-1AAE0FBC92DB}"
EndProject
Global
	GlobalSection(SolutionConfigurationPlatforms) = preSolution
		Debug|Any CPU = Debug|Any CPU
		Release|Any CPU = Release|Any CPU
	EndGlobalSection
	GlobalSection(ProjectConfigurationPlatforms) = postSolution
		{A83230F7-E1F4-454B-8CAD-1AAE0FBC92DB}.Debug|Any CPU.ActiveCfg = Debug|Any CPU
		{A83230F7-E1F4-454B-8CAD-1AAE0FBC92DB}.Debug|Any CPU.Build.0 = Debug|Any CPU
		{A83230F7-E1F4-454B-8CAD-1AAE0FBC92DB}.Release|Any CPU.ActiveCfg = Release|Any CPU
		{A83230F7-E1F4-454B-8CAD-1AAE0FBC92DB}.Release|Any CPU.Build.0 = Release|Any CPU
	EndGlobalSection
EndGlobal
